// !$*UTF8*$!
{
	archiveVersion = 1;
	classes = {
	};
	objectVersion = 48;
	objects = {

/* Begin PBXBuildFile section */
		AF015D1A2294D6F4004BBED4 /* MainScreen.swift in Sources */ = {isa = PBXBuildFile; fileRef = AF015D192294D6F4004BBED4 /* MainScreen.swift */; };
		AF1D90F223DC862D0040E7CB /* Playlists.swift in Sources */ = {isa = PBXBuildFile; fileRef = AF1D90F123DC862D0040E7CB /* Playlists.swift */; };
		AF1D90F423DC89290040E7CB /* SwDismissButton.swift in Sources */ = {isa = PBXBuildFile; fileRef = AF1D90F323DC89290040E7CB /* SwDismissButton.swift */; };
		AF2BEF8D23DE4FB5008E4B64 /* PlayButton.swift in Sources */ = {isa = PBXBuildFile; fileRef = AF2BEF8C23DE4FB5008E4B64 /* PlayButton.swift */; };
		AF2C437E23DD053C0031CCF8 /* AudioWave.swift in Sources */ = {isa = PBXBuildFile; fileRef = AF2C437D23DD053C0031CCF8 /* AudioWave.swift */; };
		AF319EB723DC823700CFDCEF /* MusicButton.swift in Sources */ = {isa = PBXBuildFile; fileRef = AF319EB623DC823700CFDCEF /* MusicButton.swift */; };
		AF319EB923DC825000CFDCEF /* MusicPlaylistsScreen.swift in Sources */ = {isa = PBXBuildFile; fileRef = AF319EB823DC825000CFDCEF /* MusicPlaylistsScreen.swift */; };
		AF319EE623DC828A00CFDCEF /* SwStaticTableData.swift in Sources */ = {isa = PBXBuildFile; fileRef = AF319EBC23DC828A00CFDCEF /* SwStaticTableData.swift */; };
		AF319EE723DC828A00CFDCEF /* SwStaticTable.swift in Sources */ = {isa = PBXBuildFile; fileRef = AF319EBD23DC828A00CFDCEF /* SwStaticTable.swift */; };
		AF319EE823DC828A00CFDCEF /* SwDynamicTable.swift in Sources */ = {isa = PBXBuildFile; fileRef = AF319EBF23DC828A00CFDCEF /* SwDynamicTable.swift */; };
		AF319EE923DC828A00CFDCEF /* SwDynamicTableData.swift in Sources */ = {isa = PBXBuildFile; fileRef = AF319EC023DC828A00CFDCEF /* SwDynamicTableData.swift */; };
		AF319EEA23DC828A00CFDCEF /* SWEmptyTable.swift in Sources */ = {isa = PBXBuildFile; fileRef = AF319EC123DC828A00CFDCEF /* SWEmptyTable.swift */; };
		AF319EF023DC828A00CFDCEF /* SwLabelCell.xib in Resources */ = {isa = PBXBuildFile; fileRef = AF319ECB23DC828A00CFDCEF /* SwLabelCell.xib */; };
		AF319EF123DC828A00CFDCEF /* SwLabelCell.swift in Sources */ = {isa = PBXBuildFile; fileRef = AF319ECC23DC828A00CFDCEF /* SwLabelCell.swift */; };
		AF319EF223DC828A00CFDCEF /* SWImageCell.swift in Sources */ = {isa = PBXBuildFile; fileRef = AF319ECE23DC828A00CFDCEF /* SWImageCell.swift */; };
		AF319EF323DC828A00CFDCEF /* ImageCell.xib in Resources */ = {isa = PBXBuildFile; fileRef = AF319ECF23DC828A00CFDCEF /* ImageCell.xib */; };
		AF319EF623DC828A00CFDCEF /* SwTextFieldCell.swift in Sources */ = {isa = PBXBuildFile; fileRef = AF319ED423DC828A00CFDCEF /* SwTextFieldCell.swift */; };
		AF319EF723DC828A00CFDCEF /* SwTextFieldCell.xib in Resources */ = {isa = PBXBuildFile; fileRef = AF319ED523DC828A00CFDCEF /* SwTextFieldCell.xib */; };
		AF319EF823DC828A00CFDCEF /* SwImageLabelCell.swift in Sources */ = {isa = PBXBuildFile; fileRef = AF319ED723DC828A00CFDCEF /* SwImageLabelCell.swift */; };
		AF319EF923DC828A00CFDCEF /* SwImageLabelCell.xib in Resources */ = {isa = PBXBuildFile; fileRef = AF319ED823DC828A00CFDCEF /* SwImageLabelCell.xib */; };
		AF319EFA23DC828A00CFDCEF /* VendorCell.xib in Resources */ = {isa = PBXBuildFile; fileRef = AF319EDA23DC828A00CFDCEF /* VendorCell.xib */; };
		AF319EFB23DC828A00CFDCEF /* SWLabelTextFieldCell.swift in Sources */ = {isa = PBXBuildFile; fileRef = AF319EDB23DC828A00CFDCEF /* SWLabelTextFieldCell.swift */; };
		AF319EFC23DC828A00CFDCEF /* SwQuadLabelImageCell.xib in Resources */ = {isa = PBXBuildFile; fileRef = AF319EDD23DC828A00CFDCEF /* SwQuadLabelImageCell.xib */; };
		AF319EFD23DC828A00CFDCEF /* SwQuadLabelImageCell.swift in Sources */ = {isa = PBXBuildFile; fileRef = AF319EDE23DC828A00CFDCEF /* SwQuadLabelImageCell.swift */; };
		AF319EFE23DC828A00CFDCEF /* SwCell.swift in Sources */ = {isa = PBXBuildFile; fileRef = AF319EDF23DC828A00CFDCEF /* SwCell.swift */; };
		AF319F0123DC828A00CFDCEF /* SWDualLabelCell.xib in Resources */ = {isa = PBXBuildFile; fileRef = AF319EE423DC828A00CFDCEF /* SWDualLabelCell.xib */; };
		AF319F0223DC828A00CFDCEF /* SWDualLabelCell.swift in Sources */ = {isa = PBXBuildFile; fileRef = AF319EE523DC828A00CFDCEF /* SWDualLabelCell.swift */; };
		AF3EB1EE240B214E00E3DAC3 /* SecondaryButtons.swift in Sources */ = {isa = PBXBuildFile; fileRef = AF3EB1ED240B214E00E3DAC3 /* SecondaryButtons.swift */; };
		AF3EB1F0240B217700E3DAC3 /* SecondaryButtons.xib in Resources */ = {isa = PBXBuildFile; fileRef = AF3EB1EF240B217700E3DAC3 /* SecondaryButtons.xib */; };
		AF3EB1F3240C639800E3DAC3 /* TimeInterval+Extensions.swift in Sources */ = {isa = PBXBuildFile; fileRef = AF3EB1F2240C639800E3DAC3 /* TimeInterval+Extensions.swift */; };
		AF3EB1F5240C6DD900E3DAC3 /* Remote.swift in Sources */ = {isa = PBXBuildFile; fileRef = AF3EB1F4240C6DD900E3DAC3 /* Remote.swift */; };
		AF51159123D65385005FFC34 /* SWModalButton.swift in Sources */ = {isa = PBXBuildFile; fileRef = AF51159023D65385005FFC34 /* SWModalButton.swift */; };
		AF51159523D655FA005FFC34 /* PlayerScreen.swift in Sources */ = {isa = PBXBuildFile; fileRef = AF51159423D655FA005FFC34 /* PlayerScreen.swift */; };
		AF51159723D65670005FFC34 /* PlayerScreen.xib in Resources */ = {isa = PBXBuildFile; fileRef = AF51159623D65670005FFC34 /* PlayerScreen.xib */; };
		AF5F5EC923D65964005589E3 /* Progress.xib in Resources */ = {isa = PBXBuildFile; fileRef = AF5F5EC823D65964005589E3 /* Progress.xib */; };
		AF62B1BE23D65E47002CD561 /* Buttons.xib in Resources */ = {isa = PBXBuildFile; fileRef = AF62B1BD23D65E47002CD561 /* Buttons.xib */; };
		AF62B1C123D65FA0002CD561 /* Titles.xib in Resources */ = {isa = PBXBuildFile; fileRef = AF62B1C023D65FA0002CD561 /* Titles.xib */; };
		AF7513BD240988BD009242A2 /* ContentPlayer.swift in Sources */ = {isa = PBXBuildFile; fileRef = AF7513BC240988BD009242A2 /* ContentPlayer.swift */; };
		AF7513BF240988C9009242A2 /* MusicPlayer.swift in Sources */ = {isa = PBXBuildFile; fileRef = AF7513BE240988C9009242A2 /* MusicPlayer.swift */; };
		AF7513C22409922A009242A2 /* ContentPlaylistsScreen.swift in Sources */ = {isa = PBXBuildFile; fileRef = AF7513C12409922A009242A2 /* ContentPlaylistsScreen.swift */; };
		AF7513C4240993D6009242A2 /* ContentPlaylistCell.swift in Sources */ = {isa = PBXBuildFile; fileRef = AF7513C3240993D6009242A2 /* ContentPlaylistCell.swift */; };
		AF7513C624099462009242A2 /* ContentPlaylistScreen.swift in Sources */ = {isa = PBXBuildFile; fileRef = AF7513C524099462009242A2 /* ContentPlaylistScreen.swift */; };
		AF7513CA24099503009242A2 /* ContentCell.swift in Sources */ = {isa = PBXBuildFile; fileRef = AF7513C924099503009242A2 /* ContentCell.swift */; };
		AF8809C123DC948F0081C400 /* Playlist.swift in Sources */ = {isa = PBXBuildFile; fileRef = AF8809C023DC948F0081C400 /* Playlist.swift */; };
		AF8809C323DC95C80081C400 /* TrackCell.swift in Sources */ = {isa = PBXBuildFile; fileRef = AF8809C223DC95C80081C400 /* TrackCell.swift */; };
		AF8809C723DCF8570081C400 /* Notifications.swift in Sources */ = {isa = PBXBuildFile; fileRef = AF8809C623DCF8570081C400 /* Notifications.swift */; };
		AF95F8232294B70400C81959 /* MainScreen.xib in Resources */ = {isa = PBXBuildFile; fileRef = AF95F8222294B70400C81959 /* MainScreen.xib */; };
		AFA009A223D08DE000026DB6 /* UIViewController+Extensions.swift in Sources */ = {isa = PBXBuildFile; fileRef = AFA009A123D08DE000026DB6 /* UIViewController+Extensions.swift */; };
		AFA009A423D08EC700026DB6 /* CrossFader.xib in Resources */ = {isa = PBXBuildFile; fileRef = AFA009A323D08EC700026DB6 /* CrossFader.xib */; };
		AFA7BF111F6AA71C0087D1EA /* Icons.xcassets in Resources */ = {isa = PBXBuildFile; fileRef = AFB821731F69B6BE00E394BE /* Icons.xcassets */; };
		AFAAAA2C24059DD000544545 /* ContentButton.swift in Sources */ = {isa = PBXBuildFile; fileRef = AFAAAA2B24059DD000544545 /* ContentButton.swift */; };
		AFAAAA2F2405A9EC00544545 /* AudioPlayer.swift in Sources */ = {isa = PBXBuildFile; fileRef = AFAAAA2E2405A9EC00544545 /* AudioPlayer.swift */; };
		AFAAAA312406F4F000544545 /* AudioPlayerState.swift in Sources */ = {isa = PBXBuildFile; fileRef = AFAAAA302406F4F000544545 /* AudioPlayerState.swift */; };
		AFAAAA332406F5AF00544545 /* AudioWaveState.swift in Sources */ = {isa = PBXBuildFile; fileRef = AFAAAA322406F5AF00544545 /* AudioWaveState.swift */; };
		AFCBDB0823DC90DC002F6060 /* PlaylistCell2.xib in Resources */ = {isa = PBXBuildFile; fileRef = AFCBDB0723DC90DC002F6060 /* PlaylistCell2.xib */; };
		AFCBDB0A23DC92B4002F6060 /* MusicPlaylistScreen.swift in Sources */ = {isa = PBXBuildFile; fileRef = AFCBDB0923DC92B4002F6060 /* MusicPlaylistScreen.swift */; };
		AFCE09801F5730E800A1D0EE /* AppDelegate.swift in Sources */ = {isa = PBXBuildFile; fileRef = AFCE097F1F5730E800A1D0EE /* AppDelegate.swift */; };
		AFCE09821F57311500A1D0EE /* AudioHardware.swift in Sources */ = {isa = PBXBuildFile; fileRef = AFCE09811F57311500A1D0EE /* AudioHardware.swift */; };
		AFCE09891F57321800A1D0EE /* AudioBookDetailVC.swift in Sources */ = {isa = PBXBuildFile; fileRef = AFCE09871F57321800A1D0EE /* AudioBookDetailVC.swift */; };
		AFCE098A1F57321800A1D0EE /* AudioBooksVC.swift in Sources */ = {isa = PBXBuildFile; fileRef = AFCE09881F57321800A1D0EE /* AudioBooksVC.swift */; };
		AFCE098D1F57328300A1D0EE /* LoopButton.swift in Sources */ = {isa = PBXBuildFile; fileRef = AFCE098C1F57328300A1D0EE /* LoopButton.swift */; };
		AFCE09931F5732DC00A1D0EE /* AudioLibrary.swift in Sources */ = {isa = PBXBuildFile; fileRef = AFCE098F1F5732DB00A1D0EE /* AudioLibrary.swift */; };
		AFCE09941F5732DC00A1D0EE /* MarqueeLabel.swift in Sources */ = {isa = PBXBuildFile; fileRef = AFCE09901F5732DC00A1D0EE /* MarqueeLabel.swift */; };
		AFCE09951F5732DC00A1D0EE /* Memento.swift in Sources */ = {isa = PBXBuildFile; fileRef = AFCE09911F5732DC00A1D0EE /* Memento.swift */; };
		AFCE09A31F57332A00A1D0EE /* SWPlayerState.swift in Sources */ = {isa = PBXBuildFile; fileRef = AFCE09971F57332800A1D0EE /* SWPlayerState.swift */; };
		AFCE09A41F57332A00A1D0EE /* PlaylistCell.swift in Sources */ = {isa = PBXBuildFile; fileRef = AFCE09981F57332800A1D0EE /* PlaylistCell.swift */; };
		AFCE09A61F57332A00A1D0EE /* PlaylistDetailsVC.swift in Sources */ = {isa = PBXBuildFile; fileRef = AFCE099A1F57332900A1D0EE /* PlaylistDetailsVC.swift */; };
		AFCE09A71F57332A00A1D0EE /* MusicPlaylistsVC.swift in Sources */ = {isa = PBXBuildFile; fileRef = AFCE099B1F57332900A1D0EE /* MusicPlaylistsVC.swift */; };
		AFCE09A91F57332A00A1D0EE /* SpeedButton.swift in Sources */ = {isa = PBXBuildFile; fileRef = AFCE099D1F57332900A1D0EE /* SpeedButton.swift */; };
		AFCE09AB1F57332A00A1D0EE /* String+Extensions.swift in Sources */ = {isa = PBXBuildFile; fileRef = AFCE09A01F57332A00A1D0EE /* String+Extensions.swift */; };
		AFCE09AC1F57332A00A1D0EE /* SWAudioPlayer.swift in Sources */ = {isa = PBXBuildFile; fileRef = AFCE09A11F57332A00A1D0EE /* SWAudioPlayer.swift */; };
		AFCE09B31F57352600A1D0EE /* MediaPlayer.framework in Frameworks */ = {isa = PBXBuildFile; fileRef = AFCE09B21F57352600A1D0EE /* MediaPlayer.framework */; };
		AFCE09BB1F57365900A1D0EE /* LaunchScreen.storyboard in Resources */ = {isa = PBXBuildFile; fileRef = AFCE09861F5731FE00A1D0EE /* LaunchScreen.storyboard */; };
		AFD8F36723CE69DC00BF6FE6 /* Progress.swift in Sources */ = {isa = PBXBuildFile; fileRef = AFD8F36623CE69DC00BF6FE6 /* Progress.swift */; };
		AFD8F36923CE6A2900BF6FE6 /* Buttons.swift in Sources */ = {isa = PBXBuildFile; fileRef = AFD8F36823CE6A2900BF6FE6 /* Buttons.swift */; };
		AFD8F36B23CE6A5500BF6FE6 /* Artwork.swift in Sources */ = {isa = PBXBuildFile; fileRef = AFD8F36A23CE6A5500BF6FE6 /* Artwork.swift */; };
		AFD8F36D23CE6B5100BF6FE6 /* Titles.swift in Sources */ = {isa = PBXBuildFile; fileRef = AFD8F36C23CE6B5100BF6FE6 /* Titles.swift */; };
		AFD8F36F23CE6FAB00BF6FE6 /* Scroller.swift in Sources */ = {isa = PBXBuildFile; fileRef = AFD8F36E23CE6FAB00BF6FE6 /* Scroller.swift */; };
		AFD8F37123CF3A5400BF6FE6 /* CrossFader.swift in Sources */ = {isa = PBXBuildFile; fileRef = AFD8F37023CF3A5400BF6FE6 /* CrossFader.swift */; };
		AFD8F37323CF3B1800BF6FE6 /* NowPlaying.swift in Sources */ = {isa = PBXBuildFile; fileRef = AFD8F37223CF3B1800BF6FE6 /* NowPlaying.swift */; };
/* End PBXBuildFile section */

/* Begin PBXFileReference section */
		AF015D192294D6F4004BBED4 /* MainScreen.swift */ = {isa = PBXFileReference; lastKnownFileType = sourcecode.swift; path = MainScreen.swift; sourceTree = "<group>"; };
		AF1D90F123DC862D0040E7CB /* Playlists.swift */ = {isa = PBXFileReference; lastKnownFileType = sourcecode.swift; path = Playlists.swift; sourceTree = "<group>"; };
		AF1D90F323DC89290040E7CB /* SwDismissButton.swift */ = {isa = PBXFileReference; fileEncoding = 4; lastKnownFileType = sourcecode.swift; path = SwDismissButton.swift; sourceTree = "<group>"; };
		AF2BEF8C23DE4FB5008E4B64 /* PlayButton.swift */ = {isa = PBXFileReference; lastKnownFileType = sourcecode.swift; path = PlayButton.swift; sourceTree = "<group>"; };
		AF2C437D23DD053C0031CCF8 /* AudioWave.swift */ = {isa = PBXFileReference; lastKnownFileType = sourcecode.swift; path = AudioWave.swift; sourceTree = "<group>"; };
		AF319EB623DC823700CFDCEF /* MusicButton.swift */ = {isa = PBXFileReference; lastKnownFileType = sourcecode.swift; path = MusicButton.swift; sourceTree = "<group>"; };
		AF319EB823DC825000CFDCEF /* MusicPlaylistsScreen.swift */ = {isa = PBXFileReference; lastKnownFileType = sourcecode.swift; path = MusicPlaylistsScreen.swift; sourceTree = "<group>"; };
		AF319EBC23DC828A00CFDCEF /* SwStaticTableData.swift */ = {isa = PBXFileReference; fileEncoding = 4; lastKnownFileType = sourcecode.swift; path = SwStaticTableData.swift; sourceTree = "<group>"; };
		AF319EBD23DC828A00CFDCEF /* SwStaticTable.swift */ = {isa = PBXFileReference; fileEncoding = 4; lastKnownFileType = sourcecode.swift; path = SwStaticTable.swift; sourceTree = "<group>"; };
		AF319EBF23DC828A00CFDCEF /* SwDynamicTable.swift */ = {isa = PBXFileReference; fileEncoding = 4; lastKnownFileType = sourcecode.swift; path = SwDynamicTable.swift; sourceTree = "<group>"; };
		AF319EC023DC828A00CFDCEF /* SwDynamicTableData.swift */ = {isa = PBXFileReference; fileEncoding = 4; lastKnownFileType = sourcecode.swift; path = SwDynamicTableData.swift; sourceTree = "<group>"; };
		AF319EC123DC828A00CFDCEF /* SWEmptyTable.swift */ = {isa = PBXFileReference; fileEncoding = 4; lastKnownFileType = sourcecode.swift; path = SWEmptyTable.swift; sourceTree = "<group>"; };
		AF319ECB23DC828A00CFDCEF /* SwLabelCell.xib */ = {isa = PBXFileReference; fileEncoding = 4; lastKnownFileType = file.xib; path = SwLabelCell.xib; sourceTree = "<group>"; };
		AF319ECC23DC828A00CFDCEF /* SwLabelCell.swift */ = {isa = PBXFileReference; fileEncoding = 4; lastKnownFileType = sourcecode.swift; path = SwLabelCell.swift; sourceTree = "<group>"; };
		AF319ECE23DC828A00CFDCEF /* SWImageCell.swift */ = {isa = PBXFileReference; fileEncoding = 4; lastKnownFileType = sourcecode.swift; path = SWImageCell.swift; sourceTree = "<group>"; };
		AF319ECF23DC828A00CFDCEF /* ImageCell.xib */ = {isa = PBXFileReference; fileEncoding = 4; lastKnownFileType = file.xib; path = ImageCell.xib; sourceTree = "<group>"; };
		AF319ED423DC828A00CFDCEF /* SwTextFieldCell.swift */ = {isa = PBXFileReference; fileEncoding = 4; lastKnownFileType = sourcecode.swift; path = SwTextFieldCell.swift; sourceTree = "<group>"; };
		AF319ED523DC828A00CFDCEF /* SwTextFieldCell.xib */ = {isa = PBXFileReference; fileEncoding = 4; lastKnownFileType = file.xib; path = SwTextFieldCell.xib; sourceTree = "<group>"; };
		AF319ED723DC828A00CFDCEF /* SwImageLabelCell.swift */ = {isa = PBXFileReference; fileEncoding = 4; lastKnownFileType = sourcecode.swift; path = SwImageLabelCell.swift; sourceTree = "<group>"; };
		AF319ED823DC828A00CFDCEF /* SwImageLabelCell.xib */ = {isa = PBXFileReference; fileEncoding = 4; lastKnownFileType = file.xib; path = SwImageLabelCell.xib; sourceTree = "<group>"; };
		AF319EDA23DC828A00CFDCEF /* VendorCell.xib */ = {isa = PBXFileReference; fileEncoding = 4; lastKnownFileType = file.xib; path = VendorCell.xib; sourceTree = "<group>"; };
		AF319EDB23DC828A00CFDCEF /* SWLabelTextFieldCell.swift */ = {isa = PBXFileReference; fileEncoding = 4; lastKnownFileType = sourcecode.swift; path = SWLabelTextFieldCell.swift; sourceTree = "<group>"; };
		AF319EDD23DC828A00CFDCEF /* SwQuadLabelImageCell.xib */ = {isa = PBXFileReference; fileEncoding = 4; lastKnownFileType = file.xib; path = SwQuadLabelImageCell.xib; sourceTree = "<group>"; };
		AF319EDE23DC828A00CFDCEF /* SwQuadLabelImageCell.swift */ = {isa = PBXFileReference; fileEncoding = 4; lastKnownFileType = sourcecode.swift; path = SwQuadLabelImageCell.swift; sourceTree = "<group>"; };
		AF319EDF23DC828A00CFDCEF /* SwCell.swift */ = {isa = PBXFileReference; fileEncoding = 4; lastKnownFileType = sourcecode.swift; path = SwCell.swift; sourceTree = "<group>"; };
		AF319EE423DC828A00CFDCEF /* SWDualLabelCell.xib */ = {isa = PBXFileReference; fileEncoding = 4; lastKnownFileType = file.xib; path = SWDualLabelCell.xib; sourceTree = "<group>"; };
		AF319EE523DC828A00CFDCEF /* SWDualLabelCell.swift */ = {isa = PBXFileReference; fileEncoding = 4; lastKnownFileType = sourcecode.swift; path = SWDualLabelCell.swift; sourceTree = "<group>"; };
		AF3EB1ED240B214E00E3DAC3 /* SecondaryButtons.swift */ = {isa = PBXFileReference; lastKnownFileType = sourcecode.swift; path = SecondaryButtons.swift; sourceTree = "<group>"; };
		AF3EB1EF240B217700E3DAC3 /* SecondaryButtons.xib */ = {isa = PBXFileReference; lastKnownFileType = file.xib; path = SecondaryButtons.xib; sourceTree = "<group>"; };
		AF3EB1F2240C639800E3DAC3 /* TimeInterval+Extensions.swift */ = {isa = PBXFileReference; lastKnownFileType = sourcecode.swift; path = "TimeInterval+Extensions.swift"; sourceTree = "<group>"; };
		AF3EB1F4240C6DD900E3DAC3 /* Remote.swift */ = {isa = PBXFileReference; lastKnownFileType = sourcecode.swift; path = Remote.swift; sourceTree = "<group>"; };
		AF51159023D65385005FFC34 /* SWModalButton.swift */ = {isa = PBXFileReference; lastKnownFileType = sourcecode.swift; path = SWModalButton.swift; sourceTree = "<group>"; };
		AF51159423D655FA005FFC34 /* PlayerScreen.swift */ = {isa = PBXFileReference; lastKnownFileType = sourcecode.swift; path = PlayerScreen.swift; sourceTree = "<group>"; };
		AF51159623D65670005FFC34 /* PlayerScreen.xib */ = {isa = PBXFileReference; lastKnownFileType = file.xib; path = PlayerScreen.xib; sourceTree = "<group>"; };
		AF5F5EC823D65964005589E3 /* Progress.xib */ = {isa = PBXFileReference; lastKnownFileType = file.xib; path = Progress.xib; sourceTree = "<group>"; };
		AF62B1BD23D65E47002CD561 /* Buttons.xib */ = {isa = PBXFileReference; lastKnownFileType = file.xib; path = Buttons.xib; sourceTree = "<group>"; };
		AF62B1C023D65FA0002CD561 /* Titles.xib */ = {isa = PBXFileReference; lastKnownFileType = file.xib; path = Titles.xib; sourceTree = "<group>"; };
		AF7513BC240988BD009242A2 /* ContentPlayer.swift */ = {isa = PBXFileReference; lastKnownFileType = sourcecode.swift; path = ContentPlayer.swift; sourceTree = "<group>"; };
		AF7513BE240988C9009242A2 /* MusicPlayer.swift */ = {isa = PBXFileReference; lastKnownFileType = sourcecode.swift; path = MusicPlayer.swift; sourceTree = "<group>"; };
		AF7513C12409922A009242A2 /* ContentPlaylistsScreen.swift */ = {isa = PBXFileReference; lastKnownFileType = sourcecode.swift; path = ContentPlaylistsScreen.swift; sourceTree = "<group>"; };
		AF7513C3240993D6009242A2 /* ContentPlaylistCell.swift */ = {isa = PBXFileReference; lastKnownFileType = sourcecode.swift; path = ContentPlaylistCell.swift; sourceTree = "<group>"; };
		AF7513C524099462009242A2 /* ContentPlaylistScreen.swift */ = {isa = PBXFileReference; lastKnownFileType = sourcecode.swift; path = ContentPlaylistScreen.swift; sourceTree = "<group>"; };
		AF7513C924099503009242A2 /* ContentCell.swift */ = {isa = PBXFileReference; lastKnownFileType = sourcecode.swift; path = ContentCell.swift; sourceTree = "<group>"; };
		AF8809C023DC948F0081C400 /* Playlist.swift */ = {isa = PBXFileReference; lastKnownFileType = sourcecode.swift; path = Playlist.swift; sourceTree = "<group>"; };
		AF8809C223DC95C80081C400 /* TrackCell.swift */ = {isa = PBXFileReference; lastKnownFileType = sourcecode.swift; path = TrackCell.swift; sourceTree = "<group>"; };
		AF8809C623DCF8570081C400 /* Notifications.swift */ = {isa = PBXFileReference; lastKnownFileType = sourcecode.swift; path = Notifications.swift; sourceTree = "<group>"; };
		AF95F8222294B70400C81959 /* MainScreen.xib */ = {isa = PBXFileReference; lastKnownFileType = file.xib; path = MainScreen.xib; sourceTree = "<group>"; };
		AFA009A123D08DE000026DB6 /* UIViewController+Extensions.swift */ = {isa = PBXFileReference; fileEncoding = 4; lastKnownFileType = sourcecode.swift; path = "UIViewController+Extensions.swift"; sourceTree = "<group>"; };
		AFA009A323D08EC700026DB6 /* CrossFader.xib */ = {isa = PBXFileReference; lastKnownFileType = file.xib; path = CrossFader.xib; sourceTree = "<group>"; };
		AFAAAA2B24059DD000544545 /* ContentButton.swift */ = {isa = PBXFileReference; lastKnownFileType = sourcecode.swift; path = ContentButton.swift; sourceTree = "<group>"; };
		AFAAAA2E2405A9EC00544545 /* AudioPlayer.swift */ = {isa = PBXFileReference; lastKnownFileType = sourcecode.swift; path = AudioPlayer.swift; sourceTree = "<group>"; };
		AFAAAA302406F4F000544545 /* AudioPlayerState.swift */ = {isa = PBXFileReference; lastKnownFileType = sourcecode.swift; path = AudioPlayerState.swift; sourceTree = "<group>"; };
		AFAAAA322406F5AF00544545 /* AudioWaveState.swift */ = {isa = PBXFileReference; lastKnownFileType = sourcecode.swift; path = AudioWaveState.swift; sourceTree = "<group>"; };
		AFB821731F69B6BE00E394BE /* Icons.xcassets */ = {isa = PBXFileReference; lastKnownFileType = folder.assetcatalog; path = Icons.xcassets; sourceTree = "<group>"; };
		AFCBDB0723DC90DC002F6060 /* PlaylistCell2.xib */ = {isa = PBXFileReference; lastKnownFileType = file.xib; path = PlaylistCell2.xib; sourceTree = "<group>"; };
		AFCBDB0923DC92B4002F6060 /* MusicPlaylistScreen.swift */ = {isa = PBXFileReference; lastKnownFileType = sourcecode.swift; path = MusicPlaylistScreen.swift; sourceTree = "<group>"; };
		AFCE09691F57308C00A1D0EE /* AudioWave.app */ = {isa = PBXFileReference; explicitFileType = wrapper.application; includeInIndex = 0; path = AudioWave.app; sourceTree = BUILT_PRODUCTS_DIR; };
		AFCE097F1F5730E800A1D0EE /* AppDelegate.swift */ = {isa = PBXFileReference; lastKnownFileType = sourcecode.swift; path = AppDelegate.swift; sourceTree = "<group>"; };
		AFCE09811F57311500A1D0EE /* AudioHardware.swift */ = {isa = PBXFileReference; lastKnownFileType = sourcecode.swift; path = AudioHardware.swift; sourceTree = "<group>"; };
		AFCE09861F5731FE00A1D0EE /* LaunchScreen.storyboard */ = {isa = PBXFileReference; lastKnownFileType = file.storyboard; path = LaunchScreen.storyboard; sourceTree = "<group>"; };
		AFCE09871F57321800A1D0EE /* AudioBookDetailVC.swift */ = {isa = PBXFileReference; lastKnownFileType = sourcecode.swift; path = AudioBookDetailVC.swift; sourceTree = "<group>"; };
		AFCE09881F57321800A1D0EE /* AudioBooksVC.swift */ = {isa = PBXFileReference; lastKnownFileType = sourcecode.swift; path = AudioBooksVC.swift; sourceTree = "<group>"; };
		AFCE098C1F57328300A1D0EE /* LoopButton.swift */ = {isa = PBXFileReference; lastKnownFileType = sourcecode.swift; path = LoopButton.swift; sourceTree = "<group>"; };
		AFCE098E1F5732C100A1D0EE /* Info.plist */ = {isa = PBXFileReference; lastKnownFileType = text.plist.xml; path = Info.plist; sourceTree = "<group>"; };
		AFCE098F1F5732DB00A1D0EE /* AudioLibrary.swift */ = {isa = PBXFileReference; lastKnownFileType = sourcecode.swift; path = AudioLibrary.swift; sourceTree = "<group>"; };
		AFCE09901F5732DC00A1D0EE /* MarqueeLabel.swift */ = {isa = PBXFileReference; lastKnownFileType = sourcecode.swift; path = MarqueeLabel.swift; sourceTree = "<group>"; };
		AFCE09911F5732DC00A1D0EE /* Memento.swift */ = {isa = PBXFileReference; lastKnownFileType = sourcecode.swift; path = Memento.swift; sourceTree = "<group>"; };
		AFCE09971F57332800A1D0EE /* SWPlayerState.swift */ = {isa = PBXFileReference; lastKnownFileType = sourcecode.swift; path = SWPlayerState.swift; sourceTree = "<group>"; };
		AFCE09981F57332800A1D0EE /* PlaylistCell.swift */ = {isa = PBXFileReference; lastKnownFileType = sourcecode.swift; path = PlaylistCell.swift; sourceTree = "<group>"; };
		AFCE099A1F57332900A1D0EE /* PlaylistDetailsVC.swift */ = {isa = PBXFileReference; lastKnownFileType = sourcecode.swift; path = PlaylistDetailsVC.swift; sourceTree = "<group>"; };
		AFCE099B1F57332900A1D0EE /* MusicPlaylistsVC.swift */ = {isa = PBXFileReference; lastKnownFileType = sourcecode.swift; path = MusicPlaylistsVC.swift; sourceTree = "<group>"; };
		AFCE099D1F57332900A1D0EE /* SpeedButton.swift */ = {isa = PBXFileReference; lastKnownFileType = sourcecode.swift; path = SpeedButton.swift; sourceTree = "<group>"; };
		AFCE09A01F57332A00A1D0EE /* String+Extensions.swift */ = {isa = PBXFileReference; lastKnownFileType = sourcecode.swift; path = "String+Extensions.swift"; sourceTree = "<group>"; };
		AFCE09A11F57332A00A1D0EE /* SWAudioPlayer.swift */ = {isa = PBXFileReference; lastKnownFileType = sourcecode.swift; path = SWAudioPlayer.swift; sourceTree = "<group>"; };
		AFCE09B21F57352600A1D0EE /* MediaPlayer.framework */ = {isa = PBXFileReference; lastKnownFileType = wrapper.framework; name = MediaPlayer.framework; path = System/Library/Frameworks/MediaPlayer.framework; sourceTree = SDKROOT; };
		AFD8F36623CE69DC00BF6FE6 /* Progress.swift */ = {isa = PBXFileReference; lastKnownFileType = sourcecode.swift; path = Progress.swift; sourceTree = "<group>"; };
		AFD8F36823CE6A2900BF6FE6 /* Buttons.swift */ = {isa = PBXFileReference; lastKnownFileType = sourcecode.swift; path = Buttons.swift; sourceTree = "<group>"; };
		AFD8F36A23CE6A5500BF6FE6 /* Artwork.swift */ = {isa = PBXFileReference; lastKnownFileType = sourcecode.swift; path = Artwork.swift; sourceTree = "<group>"; };
		AFD8F36C23CE6B5100BF6FE6 /* Titles.swift */ = {isa = PBXFileReference; lastKnownFileType = sourcecode.swift; path = Titles.swift; sourceTree = "<group>"; };
		AFD8F36E23CE6FAB00BF6FE6 /* Scroller.swift */ = {isa = PBXFileReference; lastKnownFileType = sourcecode.swift; path = Scroller.swift; sourceTree = "<group>"; };
		AFD8F37023CF3A5400BF6FE6 /* CrossFader.swift */ = {isa = PBXFileReference; lastKnownFileType = sourcecode.swift; path = CrossFader.swift; sourceTree = "<group>"; };
		AFD8F37223CF3B1800BF6FE6 /* NowPlaying.swift */ = {isa = PBXFileReference; lastKnownFileType = sourcecode.swift; path = NowPlaying.swift; sourceTree = "<group>"; };
/* End PBXFileReference section */

/* Begin PBXFrameworksBuildPhase section */
		AFCE09661F57308C00A1D0EE /* Frameworks */ = {
			isa = PBXFrameworksBuildPhase;
			buildActionMask = 2147483647;
			files = (
				AFCE09B31F57352600A1D0EE /* MediaPlayer.framework in Frameworks */,
			);
			runOnlyForDeploymentPostprocessing = 0;
		};
/* End PBXFrameworksBuildPhase section */

/* Begin PBXGroup section */
		AF2490A823D65C5A00B66B70 /* CrossFader */ = {
			isa = PBXGroup;
			children = (
				AFD8F37023CF3A5400BF6FE6 /* CrossFader.swift */,
				AFA009A323D08EC700026DB6 /* CrossFader.xib */,
			);
			path = CrossFader;
			sourceTree = "<group>";
		};
		AF2490A923D65C6E00B66B70 /* MainScreen */ = {
			isa = PBXGroup;
			children = (
				AF95F8222294B70400C81959 /* MainScreen.xib */,
				AF015D192294D6F4004BBED4 /* MainScreen.swift */,
				AF319EB623DC823700CFDCEF /* MusicButton.swift */,
				AFAAAA2B24059DD000544545 /* ContentButton.swift */,
				AF7513C7240994E1009242A2 /* MusicScreens */,
				AF7513C8240994EF009242A2 /* ContentScreens */,
				AF5F5EC723D65931005589E3 /* PlayerScreen */,
				AF2490A823D65C5A00B66B70 /* CrossFader */,
				AFF00CF423D662A0000BB3EB /* Scroller */,
			);
			path = MainScreen;
			sourceTree = "<group>";
		};
		AF319EBA23DC828A00CFDCEF /* SwTables */ = {
			isa = PBXGroup;
			children = (
				AF319EBB23DC828A00CFDCEF /* SwStaticTable */,
				AF319EBE23DC828A00CFDCEF /* SwDynamicTable */,
				AF319EC123DC828A00CFDCEF /* SWEmptyTable.swift */,
			);
			path = SwTables;
			sourceTree = "<group>";
		};
		AF319EBB23DC828A00CFDCEF /* SwStaticTable */ = {
			isa = PBXGroup;
			children = (
				AF319EBC23DC828A00CFDCEF /* SwStaticTableData.swift */,
				AF319EBD23DC828A00CFDCEF /* SwStaticTable.swift */,
			);
			path = SwStaticTable;
			sourceTree = "<group>";
		};
		AF319EBE23DC828A00CFDCEF /* SwDynamicTable */ = {
			isa = PBXGroup;
			children = (
				AF319EBF23DC828A00CFDCEF /* SwDynamicTable.swift */,
				AF319EC023DC828A00CFDCEF /* SwDynamicTableData.swift */,
			);
			path = SwDynamicTable;
			sourceTree = "<group>";
		};
		AF319EC223DC828A00CFDCEF /* SwCells */ = {
			isa = PBXGroup;
			children = (
				AF319ECA23DC828A00CFDCEF /* SwLabelCell */,
				AF319ECD23DC828A00CFDCEF /* ImageCell */,
				AF319ED323DC828A00CFDCEF /* SwTextFieldCell */,
				AF319ED623DC828A00CFDCEF /* SwImageLabelCell */,
				AF319ED923DC828A00CFDCEF /* SWLabelTextFieldCell */,
				AF319EDC23DC828A00CFDCEF /* SwQuadLabelImageCell */,
				AF319EDF23DC828A00CFDCEF /* SwCell.swift */,
				AF319EE323DC828A00CFDCEF /* SWDualLabelCell */,
			);
			path = SwCells;
			sourceTree = "<group>";
		};
		AF319ECA23DC828A00CFDCEF /* SwLabelCell */ = {
			isa = PBXGroup;
			children = (
				AF319ECB23DC828A00CFDCEF /* SwLabelCell.xib */,
				AF319ECC23DC828A00CFDCEF /* SwLabelCell.swift */,
			);
			path = SwLabelCell;
			sourceTree = "<group>";
		};
		AF319ECD23DC828A00CFDCEF /* ImageCell */ = {
			isa = PBXGroup;
			children = (
				AF319ECE23DC828A00CFDCEF /* SWImageCell.swift */,
				AF319ECF23DC828A00CFDCEF /* ImageCell.xib */,
			);
			path = ImageCell;
			sourceTree = "<group>";
		};
		AF319ED323DC828A00CFDCEF /* SwTextFieldCell */ = {
			isa = PBXGroup;
			children = (
				AF319ED423DC828A00CFDCEF /* SwTextFieldCell.swift */,
				AF319ED523DC828A00CFDCEF /* SwTextFieldCell.xib */,
			);
			path = SwTextFieldCell;
			sourceTree = "<group>";
		};
		AF319ED623DC828A00CFDCEF /* SwImageLabelCell */ = {
			isa = PBXGroup;
			children = (
				AF319ED723DC828A00CFDCEF /* SwImageLabelCell.swift */,
				AF319ED823DC828A00CFDCEF /* SwImageLabelCell.xib */,
			);
			path = SwImageLabelCell;
			sourceTree = "<group>";
		};
		AF319ED923DC828A00CFDCEF /* SWLabelTextFieldCell */ = {
			isa = PBXGroup;
			children = (
				AF319EDA23DC828A00CFDCEF /* VendorCell.xib */,
				AF319EDB23DC828A00CFDCEF /* SWLabelTextFieldCell.swift */,
			);
			path = SWLabelTextFieldCell;
			sourceTree = "<group>";
		};
		AF319EDC23DC828A00CFDCEF /* SwQuadLabelImageCell */ = {
			isa = PBXGroup;
			children = (
				AF319EDD23DC828A00CFDCEF /* SwQuadLabelImageCell.xib */,
				AF319EDE23DC828A00CFDCEF /* SwQuadLabelImageCell.swift */,
			);
			path = SwQuadLabelImageCell;
			sourceTree = "<group>";
		};
		AF319EE323DC828A00CFDCEF /* SWDualLabelCell */ = {
			isa = PBXGroup;
			children = (
				AF319EE423DC828A00CFDCEF /* SWDualLabelCell.xib */,
				AF319EE523DC828A00CFDCEF /* SWDualLabelCell.swift */,
			);
			path = SWDualLabelCell;
			sourceTree = "<group>";
		};
		AF3EB1F1240C5D8C00E3DAC3 /* SecondaryButtons */ = {
			isa = PBXGroup;
			children = (
				AF3EB1ED240B214E00E3DAC3 /* SecondaryButtons.swift */,
				AF3EB1EF240B217700E3DAC3 /* SecondaryButtons.xib */,
			);
			path = SecondaryButtons;
			sourceTree = "<group>";
		};
		AF50C96423D9217100B49F74 /* Extensions */ = {
			isa = PBXGroup;
			children = (
				AFCE09A01F57332A00A1D0EE /* String+Extensions.swift */,
				AFA009A123D08DE000026DB6 /* UIViewController+Extensions.swift */,
			);
			path = Extensions;
			sourceTree = "<group>";
		};
		AF51E3AC24070B4A00FE81D9 /* Data */ = {
			isa = PBXGroup;
			children = (
				AFCE098F1F5732DB00A1D0EE /* AudioLibrary.swift */,
				AFAAAA302406F4F000544545 /* AudioPlayerState.swift */,
				AFAAAA322406F5AF00544545 /* AudioWaveState.swift */,
			);
			path = Data;
			sourceTree = "<group>";
		};
		AF5F5EC723D65931005589E3 /* PlayerScreen */ = {
			isa = PBXGroup;
			children = (
				AF51159423D655FA005FFC34 /* PlayerScreen.swift */,
				AF51159623D65670005FFC34 /* PlayerScreen.xib */,
				AF62B1C223D65FA6002CD561 /* Titles */,
				AFD8F36A23CE6A5500BF6FE6 /* Artwork.swift */,
				AF3EB1F1240C5D8C00E3DAC3 /* SecondaryButtons */,
				AF62B1BF23D65E5A002CD561 /* Buttons */,
				AF62B1BC23D65E36002CD561 /* Progress */,
			);
			path = PlayerScreen;
			sourceTree = "<group>";
		};
		AF62B1BC23D65E36002CD561 /* Progress */ = {
			isa = PBXGroup;
			children = (
				AFD8F36623CE69DC00BF6FE6 /* Progress.swift */,
				AF5F5EC823D65964005589E3 /* Progress.xib */,
			);
			path = Progress;
			sourceTree = "<group>";
		};
		AF62B1BF23D65E5A002CD561 /* Buttons */ = {
			isa = PBXGroup;
			children = (
				AFD8F36823CE6A2900BF6FE6 /* Buttons.swift */,
				AF62B1BD23D65E47002CD561 /* Buttons.xib */,
				AFCE099D1F57332900A1D0EE /* SpeedButton.swift */,
				AF2BEF8C23DE4FB5008E4B64 /* PlayButton.swift */,
				AFCE098C1F57328300A1D0EE /* LoopButton.swift */,
			);
			path = Buttons;
			sourceTree = "<group>";
		};
		AF62B1C223D65FA6002CD561 /* Titles */ = {
			isa = PBXGroup;
			children = (
				AFCE09901F5732DC00A1D0EE /* MarqueeLabel.swift */,
				AFD8F36C23CE6B5100BF6FE6 /* Titles.swift */,
				AF62B1C023D65FA0002CD561 /* Titles.xib */,
			);
			path = Titles;
			sourceTree = "<group>";
		};
		AF7513C024098F40009242A2 /* AudioPlayer */ = {
			isa = PBXGroup;
			children = (
				AFAAAA2E2405A9EC00544545 /* AudioPlayer.swift */,
				AF7513BC240988BD009242A2 /* ContentPlayer.swift */,
				AF7513BE240988C9009242A2 /* MusicPlayer.swift */,
				AF3EB1F4240C6DD900E3DAC3 /* Remote.swift */,
				AF8809C623DCF8570081C400 /* Notifications.swift */,
			);
			path = AudioPlayer;
			sourceTree = "<group>";
		};
		AF7513C7240994E1009242A2 /* MusicScreens */ = {
			isa = PBXGroup;
			children = (
				AF319EB823DC825000CFDCEF /* MusicPlaylistsScreen.swift */,
				AFCBDB0923DC92B4002F6060 /* MusicPlaylistScreen.swift */,
				AFCE09981F57332800A1D0EE /* PlaylistCell.swift */,
				AFCBDB0723DC90DC002F6060 /* PlaylistCell2.xib */,
				AF8809C223DC95C80081C400 /* TrackCell.swift */,
			);
			path = MusicScreens;
			sourceTree = "<group>";
		};
		AF7513C8240994EF009242A2 /* ContentScreens */ = {
			isa = PBXGroup;
			children = (
				AF7513C12409922A009242A2 /* ContentPlaylistsScreen.swift */,
				AF7513C3240993D6009242A2 /* ContentPlaylistCell.swift */,
				AF7513C524099462009242A2 /* ContentPlaylistScreen.swift */,
				AF7513C924099503009242A2 /* ContentCell.swift */,
			);
			path = ContentScreens;
			sourceTree = "<group>";
		};
		AFAAAA2D2405A90D00544545 /* SphericalWave */ = {
			isa = PBXGroup;
			children = (
				AF50C96423D9217100B49F74 /* Extensions */,
				AF319EC223DC828A00CFDCEF /* SwCells */,
				AF319EBA23DC828A00CFDCEF /* SwTables */,
				AF51159023D65385005FFC34 /* SWModalButton.swift */,
				AF1D90F323DC89290040E7CB /* SwDismissButton.swift */,
				AF3EB1F2240C639800E3DAC3 /* TimeInterval+Extensions.swift */,
			);
			path = SphericalWave;
			sourceTree = "<group>";
		};
		AFAAAA342407022500544545 /* Obsolete */ = {
			isa = PBXGroup;
			children = (
				AFCE098B1F57322000A1D0EE /* SWAudioBookVC */,
				AFCE09C21F57708600A1D0EE /* SWAudioPlayer */,
				AFCE09BE1F57700E00A1D0EE /* SWMusicPlaylistsVC */,
				AF1D90F123DC862D0040E7CB /* Playlists.swift */,
				AF8809C023DC948F0081C400 /* Playlist.swift */,
				AFD8F37223CF3B1800BF6FE6 /* NowPlaying.swift */,
				AFCE09811F57311500A1D0EE /* AudioHardware.swift */,
			);
			path = Obsolete;
			sourceTree = "<group>";
		};
		AFCE09601F57308C00A1D0EE = {
			isa = PBXGroup;
			children = (
				AFCE096B1F57308C00A1D0EE /* AudioWave */,
				AFCE096A1F57308C00A1D0EE /* Products */,
				AFCE09B11F57352600A1D0EE /* Frameworks */,
			);
			sourceTree = "<group>";
		};
		AFCE096A1F57308C00A1D0EE /* Products */ = {
			isa = PBXGroup;
			children = (
				AFCE09691F57308C00A1D0EE /* AudioWave.app */,
			);
			name = Products;
			sourceTree = "<group>";
		};
		AFCE096B1F57308C00A1D0EE /* AudioWave */ = {
			isa = PBXGroup;
			children = (
				AF2C437D23DD053C0031CCF8 /* AudioWave.swift */,
				AFCE097F1F5730E800A1D0EE /* AppDelegate.swift */,
				AFCE09861F5731FE00A1D0EE /* LaunchScreen.storyboard */,
				AF2490A923D65C6E00B66B70 /* MainScreen */,
				AF7513C024098F40009242A2 /* AudioPlayer */,
				AF51E3AC24070B4A00FE81D9 /* Data */,
				AFAAAA2D2405A90D00544545 /* SphericalWave */,
				AFAAAA342407022500544545 /* Obsolete */,
				AFB821731F69B6BE00E394BE /* Icons.xcassets */,
				AFCE098E1F5732C100A1D0EE /* Info.plist */,
			);
			path = AudioWave;
			sourceTree = "<group>";
		};
		AFCE098B1F57322000A1D0EE /* SWAudioBookVC */ = {
			isa = PBXGroup;
			children = (
				AFCE09881F57321800A1D0EE /* AudioBooksVC.swift */,
				AFCE09871F57321800A1D0EE /* AudioBookDetailVC.swift */,
			);
			path = SWAudioBookVC;
			sourceTree = "<group>";
		};
		AFCE09B11F57352600A1D0EE /* Frameworks */ = {
			isa = PBXGroup;
			children = (
				AFCE09B21F57352600A1D0EE /* MediaPlayer.framework */,
			);
			name = Frameworks;
			sourceTree = "<group>";
		};
		AFCE09BE1F57700E00A1D0EE /* SWMusicPlaylistsVC */ = {
			isa = PBXGroup;
			children = (
				AFCE099B1F57332900A1D0EE /* MusicPlaylistsVC.swift */,
				AFCE099A1F57332900A1D0EE /* PlaylistDetailsVC.swift */,
			);
			path = SWMusicPlaylistsVC;
			sourceTree = "<group>";
		};
		AFCE09C21F57708600A1D0EE /* SWAudioPlayer */ = {
			isa = PBXGroup;
			children = (
				AFCE09A11F57332A00A1D0EE /* SWAudioPlayer.swift */,
				AFCE09911F5732DC00A1D0EE /* Memento.swift */,
				AFCE09971F57332800A1D0EE /* SWPlayerState.swift */,
			);
			path = SWAudioPlayer;
			sourceTree = "<group>";
		};
		AFF00CF423D662A0000BB3EB /* Scroller */ = {
			isa = PBXGroup;
			children = (
				AFD8F36E23CE6FAB00BF6FE6 /* Scroller.swift */,
			);
			path = Scroller;
			sourceTree = "<group>";
		};
/* End PBXGroup section */

/* Begin PBXNativeTarget section */
		AFCE09681F57308C00A1D0EE /* AudioWave */ = {
			isa = PBXNativeTarget;
			buildConfigurationList = AFCE097B1F57308C00A1D0EE /* Build configuration list for PBXNativeTarget "AudioWave" */;
			buildPhases = (
				AFCE09651F57308C00A1D0EE /* Sources */,
				AFCE09661F57308C00A1D0EE /* Frameworks */,
				AFCE09671F57308C00A1D0EE /* Resources */,
			);
			buildRules = (
			);
			dependencies = (
			);
			name = AudioWave;
			productName = AudioWave;
			productReference = AFCE09691F57308C00A1D0EE /* AudioWave.app */;
			productType = "com.apple.product-type.application";
		};
/* End PBXNativeTarget section */

/* Begin PBXProject section */
		AFCE09611F57308C00A1D0EE /* Project object */ = {
			isa = PBXProject;
			attributes = {
				LastSwiftUpdateCheck = 0900;
				LastUpgradeCheck = 1120;
				ORGANIZATIONNAME = SphericalWave;
				TargetAttributes = {
					AFCE09681F57308C00A1D0EE = {
						CreatedOnToolsVersion = 9.0;
						LastSwiftMigration = 1120;
						ProvisioningStyle = Automatic;
					};
				};
			};
			buildConfigurationList = AFCE09641F57308C00A1D0EE /* Build configuration list for PBXProject "AudioWave" */;
			compatibilityVersion = "Xcode 8.0";
			developmentRegion = en;
			hasScannedForEncodings = 0;
			knownRegions = (
				en,
				Base,
			);
			mainGroup = AFCE09601F57308C00A1D0EE;
			productRefGroup = AFCE096A1F57308C00A1D0EE /* Products */;
			projectDirPath = "";
			projectRoot = "";
			targets = (
				AFCE09681F57308C00A1D0EE /* AudioWave */,
			);
		};
/* End PBXProject section */

/* Begin PBXResourcesBuildPhase section */
		AFCE09671F57308C00A1D0EE /* Resources */ = {
			isa = PBXResourcesBuildPhase;
			buildActionMask = 2147483647;
			files = (
				AF3EB1F0240B217700E3DAC3 /* SecondaryButtons.xib in Resources */,
				AF319EFA23DC828A00CFDCEF /* VendorCell.xib in Resources */,
				AF62B1C123D65FA0002CD561 /* Titles.xib in Resources */,
				AFA7BF111F6AA71C0087D1EA /* Icons.xcassets in Resources */,
				AFA009A423D08EC700026DB6 /* CrossFader.xib in Resources */,
				AF319EF323DC828A00CFDCEF /* ImageCell.xib in Resources */,
				AF5F5EC923D65964005589E3 /* Progress.xib in Resources */,
				AF62B1BE23D65E47002CD561 /* Buttons.xib in Resources */,
				AFCBDB0823DC90DC002F6060 /* PlaylistCell2.xib in Resources */,
				AF95F8232294B70400C81959 /* MainScreen.xib in Resources */,
				AF319EF023DC828A00CFDCEF /* SwLabelCell.xib in Resources */,
				AF319EF923DC828A00CFDCEF /* SwImageLabelCell.xib in Resources */,
				AF51159723D65670005FFC34 /* PlayerScreen.xib in Resources */,
				AF319F0123DC828A00CFDCEF /* SWDualLabelCell.xib in Resources */,
				AFCE09BB1F57365900A1D0EE /* LaunchScreen.storyboard in Resources */,
				AF319EFC23DC828A00CFDCEF /* SwQuadLabelImageCell.xib in Resources */,
				AF319EF723DC828A00CFDCEF /* SwTextFieldCell.xib in Resources */,
			);
			runOnlyForDeploymentPostprocessing = 0;
		};
/* End PBXResourcesBuildPhase section */

/* Begin PBXSourcesBuildPhase section */
		AFCE09651F57308C00A1D0EE /* Sources */ = {
			isa = PBXSourcesBuildPhase;
			buildActionMask = 2147483647;
			files = (
				AF51159523D655FA005FFC34 /* PlayerScreen.swift in Sources */,
				AF1D90F423DC89290040E7CB /* SwDismissButton.swift in Sources */,
				AFD8F37323CF3B1800BF6FE6 /* NowPlaying.swift in Sources */,
				AF319EB723DC823700CFDCEF /* MusicButton.swift in Sources */,
				AFAAAA332406F5AF00544545 /* AudioWaveState.swift in Sources */,
				AFCE09891F57321800A1D0EE /* AudioBookDetailVC.swift in Sources */,
				AFCE09A71F57332A00A1D0EE /* MusicPlaylistsVC.swift in Sources */,
				AF319EE823DC828A00CFDCEF /* SwDynamicTable.swift in Sources */,
				AFCBDB0A23DC92B4002F6060 /* MusicPlaylistScreen.swift in Sources */,
				AF319EF623DC828A00CFDCEF /* SwTextFieldCell.swift in Sources */,
				AF319EE923DC828A00CFDCEF /* SwDynamicTableData.swift in Sources */,
				AF319EFB23DC828A00CFDCEF /* SWLabelTextFieldCell.swift in Sources */,
				AFCE09A31F57332A00A1D0EE /* SWPlayerState.swift in Sources */,
				AFCE09801F5730E800A1D0EE /* AppDelegate.swift in Sources */,
				AF7513BD240988BD009242A2 /* ContentPlayer.swift in Sources */,
				AF51159123D65385005FFC34 /* SWModalButton.swift in Sources */,
				AFCE09A41F57332A00A1D0EE /* PlaylistCell.swift in Sources */,
				AF319EE723DC828A00CFDCEF /* SwStaticTable.swift in Sources */,
				AFAAAA2C24059DD000544545 /* ContentButton.swift in Sources */,
				AF8809C123DC948F0081C400 /* Playlist.swift in Sources */,
				AFCE09A91F57332A00A1D0EE /* SpeedButton.swift in Sources */,
				AFD8F37123CF3A5400BF6FE6 /* CrossFader.swift in Sources */,
				AF319EB923DC825000CFDCEF /* MusicPlaylistsScreen.swift in Sources */,
				AF2C437E23DD053C0031CCF8 /* AudioWave.swift in Sources */,
				AF319F0223DC828A00CFDCEF /* SWDualLabelCell.swift in Sources */,
				AF2BEF8D23DE4FB5008E4B64 /* PlayButton.swift in Sources */,
				AFCE09AC1F57332A00A1D0EE /* SWAudioPlayer.swift in Sources */,
				AF8809C323DC95C80081C400 /* TrackCell.swift in Sources */,
				AF319EF123DC828A00CFDCEF /* SwLabelCell.swift in Sources */,
				AFCE09931F5732DC00A1D0EE /* AudioLibrary.swift in Sources */,
				AF319EF223DC828A00CFDCEF /* SWImageCell.swift in Sources */,
				AF8809C723DCF8570081C400 /* Notifications.swift in Sources */,
				AFCE098D1F57328300A1D0EE /* LoopButton.swift in Sources */,
				AF7513C624099462009242A2 /* ContentPlaylistScreen.swift in Sources */,
				AFD8F36F23CE6FAB00BF6FE6 /* Scroller.swift in Sources */,
				AFAAAA2F2405A9EC00544545 /* AudioPlayer.swift in Sources */,
				AF319EF823DC828A00CFDCEF /* SwImageLabelCell.swift in Sources */,
				AFD8F36D23CE6B5100BF6FE6 /* Titles.swift in Sources */,
				AF015D1A2294D6F4004BBED4 /* MainScreen.swift in Sources */,
				AFCE09941F5732DC00A1D0EE /* MarqueeLabel.swift in Sources */,
				AFD8F36723CE69DC00BF6FE6 /* Progress.swift in Sources */,
				AF319EEA23DC828A00CFDCEF /* SWEmptyTable.swift in Sources */,
				AF7513CA24099503009242A2 /* ContentCell.swift in Sources */,
				AFD8F36923CE6A2900BF6FE6 /* Buttons.swift in Sources */,
				AF319EE623DC828A00CFDCEF /* SwStaticTableData.swift in Sources */,
				AFCE09AB1F57332A00A1D0EE /* String+Extensions.swift in Sources */,
				AFCE09951F5732DC00A1D0EE /* Memento.swift in Sources */,
				AFAAAA312406F4F000544545 /* AudioPlayerState.swift in Sources */,
				AF1D90F223DC862D0040E7CB /* Playlists.swift in Sources */,
				AF7513C22409922A009242A2 /* ContentPlaylistsScreen.swift in Sources */,
				AF3EB1F3240C639800E3DAC3 /* TimeInterval+Extensions.swift in Sources */,
				AF7513C4240993D6009242A2 /* ContentPlaylistCell.swift in Sources */,
				AF319EFE23DC828A00CFDCEF /* SwCell.swift in Sources */,
				AFCE098A1F57321800A1D0EE /* AudioBooksVC.swift in Sources */,
				AFA009A223D08DE000026DB6 /* UIViewController+Extensions.swift in Sources */,
				AFD8F36B23CE6A5500BF6FE6 /* Artwork.swift in Sources */,
				AF7513BF240988C9009242A2 /* MusicPlayer.swift in Sources */,
				AF319EFD23DC828A00CFDCEF /* SwQuadLabelImageCell.swift in Sources */,
				AFCE09821F57311500A1D0EE /* AudioHardware.swift in Sources */,
				AF3EB1F5240C6DD900E3DAC3 /* Remote.swift in Sources */,
				AF3EB1EE240B214E00E3DAC3 /* SecondaryButtons.swift in Sources */,
				AFCE09A61F57332A00A1D0EE /* PlaylistDetailsVC.swift in Sources */,
			);
			runOnlyForDeploymentPostprocessing = 0;
		};
/* End PBXSourcesBuildPhase section */

/* Begin XCBuildConfiguration section */
		AFCE09791F57308C00A1D0EE /* Debug */ = {
			isa = XCBuildConfiguration;
			buildSettings = {
				ALWAYS_SEARCH_USER_PATHS = NO;
				CLANG_ANALYZER_NONNULL = YES;
				CLANG_ANALYZER_NUMBER_OBJECT_CONVERSION = YES_AGGRESSIVE;
				CLANG_CXX_LANGUAGE_STANDARD = "gnu++14";
				CLANG_CXX_LIBRARY = "libc++";
				CLANG_ENABLE_MODULES = YES;
				CLANG_ENABLE_OBJC_ARC = YES;
				CLANG_WARN_BLOCK_CAPTURE_AUTORELEASING = YES;
				CLANG_WARN_BOOL_CONVERSION = YES;
				CLANG_WARN_COMMA = YES;
				CLANG_WARN_CONSTANT_CONVERSION = YES;
				CLANG_WARN_DEPRECATED_OBJC_IMPLEMENTATIONS = YES;
				CLANG_WARN_DIRECT_OBJC_ISA_USAGE = YES_ERROR;
				CLANG_WARN_DOCUMENTATION_COMMENTS = YES;
				CLANG_WARN_EMPTY_BODY = YES;
				CLANG_WARN_ENUM_CONVERSION = YES;
				CLANG_WARN_INFINITE_RECURSION = YES;
				CLANG_WARN_INT_CONVERSION = YES;
				CLANG_WARN_NON_LITERAL_NULL_CONVERSION = YES;
				CLANG_WARN_OBJC_IMPLICIT_RETAIN_SELF = YES;
				CLANG_WARN_OBJC_LITERAL_CONVERSION = YES;
				CLANG_WARN_OBJC_ROOT_CLASS = YES_ERROR;
				CLANG_WARN_RANGE_LOOP_ANALYSIS = YES;
				CLANG_WARN_STRICT_PROTOTYPES = YES;
				CLANG_WARN_SUSPICIOUS_MOVE = YES;
				CLANG_WARN_UNGUARDED_AVAILABILITY = YES_AGGRESSIVE;
				CLANG_WARN_UNREACHABLE_CODE = YES;
				CLANG_WARN__DUPLICATE_METHOD_MATCH = YES;
				CODE_SIGN_IDENTITY = "iPhone Developer";
				COPY_PHASE_STRIP = NO;
				DEBUG_INFORMATION_FORMAT = dwarf;
				ENABLE_STRICT_OBJC_MSGSEND = YES;
				ENABLE_TESTABILITY = YES;
				GCC_C_LANGUAGE_STANDARD = gnu11;
				GCC_DYNAMIC_NO_PIC = NO;
				GCC_NO_COMMON_BLOCKS = YES;
				GCC_OPTIMIZATION_LEVEL = 0;
				GCC_PREPROCESSOR_DEFINITIONS = (
					"DEBUG=1",
					"$(inherited)",
				);
				GCC_WARN_64_TO_32_BIT_CONVERSION = YES;
				GCC_WARN_ABOUT_RETURN_TYPE = YES_ERROR;
				GCC_WARN_UNDECLARED_SELECTOR = YES;
				GCC_WARN_UNINITIALIZED_AUTOS = YES_AGGRESSIVE;
				GCC_WARN_UNUSED_FUNCTION = YES;
				GCC_WARN_UNUSED_VARIABLE = YES;
				IPHONEOS_DEPLOYMENT_TARGET = 13.0;
				MTL_ENABLE_DEBUG_INFO = YES;
				ONLY_ACTIVE_ARCH = YES;
				SDKROOT = iphoneos;
				SWIFT_ACTIVE_COMPILATION_CONDITIONS = DEBUG;
				SWIFT_OPTIMIZATION_LEVEL = "-Onone";
				SWIFT_VERSION = 3.0;
			};
			name = Debug;
		};
		AFCE097A1F57308C00A1D0EE /* Release */ = {
			isa = XCBuildConfiguration;
			buildSettings = {
				ALWAYS_SEARCH_USER_PATHS = NO;
				CLANG_ANALYZER_NONNULL = YES;
				CLANG_ANALYZER_NUMBER_OBJECT_CONVERSION = YES_AGGRESSIVE;
				CLANG_CXX_LANGUAGE_STANDARD = "gnu++14";
				CLANG_CXX_LIBRARY = "libc++";
				CLANG_ENABLE_MODULES = YES;
				CLANG_ENABLE_OBJC_ARC = YES;
				CLANG_WARN_BLOCK_CAPTURE_AUTORELEASING = YES;
				CLANG_WARN_BOOL_CONVERSION = YES;
				CLANG_WARN_COMMA = YES;
				CLANG_WARN_CONSTANT_CONVERSION = YES;
				CLANG_WARN_DEPRECATED_OBJC_IMPLEMENTATIONS = YES;
				CLANG_WARN_DIRECT_OBJC_ISA_USAGE = YES_ERROR;
				CLANG_WARN_DOCUMENTATION_COMMENTS = YES;
				CLANG_WARN_EMPTY_BODY = YES;
				CLANG_WARN_ENUM_CONVERSION = YES;
				CLANG_WARN_INFINITE_RECURSION = YES;
				CLANG_WARN_INT_CONVERSION = YES;
				CLANG_WARN_NON_LITERAL_NULL_CONVERSION = YES;
				CLANG_WARN_OBJC_IMPLICIT_RETAIN_SELF = YES;
				CLANG_WARN_OBJC_LITERAL_CONVERSION = YES;
				CLANG_WARN_OBJC_ROOT_CLASS = YES_ERROR;
				CLANG_WARN_RANGE_LOOP_ANALYSIS = YES;
				CLANG_WARN_STRICT_PROTOTYPES = YES;
				CLANG_WARN_SUSPICIOUS_MOVE = YES;
				CLANG_WARN_UNGUARDED_AVAILABILITY = YES_AGGRESSIVE;
				CLANG_WARN_UNREACHABLE_CODE = YES;
				CLANG_WARN__DUPLICATE_METHOD_MATCH = YES;
				CODE_SIGN_IDENTITY = "iPhone Developer";
				COPY_PHASE_STRIP = NO;
				DEBUG_INFORMATION_FORMAT = "dwarf-with-dsym";
				ENABLE_NS_ASSERTIONS = NO;
				ENABLE_STRICT_OBJC_MSGSEND = YES;
				GCC_C_LANGUAGE_STANDARD = gnu11;
				GCC_NO_COMMON_BLOCKS = YES;
				GCC_WARN_64_TO_32_BIT_CONVERSION = YES;
				GCC_WARN_ABOUT_RETURN_TYPE = YES_ERROR;
				GCC_WARN_UNDECLARED_SELECTOR = YES;
				GCC_WARN_UNINITIALIZED_AUTOS = YES_AGGRESSIVE;
				GCC_WARN_UNUSED_FUNCTION = YES;
				GCC_WARN_UNUSED_VARIABLE = YES;
				IPHONEOS_DEPLOYMENT_TARGET = 13.0;
				MTL_ENABLE_DEBUG_INFO = NO;
				SDKROOT = iphoneos;
				SWIFT_OPTIMIZATION_LEVEL = "-Owholemodule";
				SWIFT_VERSION = 3.0;
				VALIDATE_PRODUCT = YES;
			};
			name = Release;
		};
		AFCE097C1F57308C00A1D0EE /* Debug */ = {
			isa = XCBuildConfiguration;
			buildSettings = {
				ASSETCATALOG_COMPILER_APPICON_NAME = AppIcon;
				CLANG_ENABLE_MODULES = YES;
				CODE_SIGN_STYLE = Automatic;
				DEVELOPMENT_TEAM = TPR24Z5M9G;
				INFOPLIST_FILE = AudioWave/Info.plist;
				IPHONEOS_DEPLOYMENT_TARGET = 13.0;
				LD_RUNPATH_SEARCH_PATHS = "$(inherited) @executable_path/Frameworks";
				PRODUCT_BUNDLE_IDENTIFIER = TPR24Z5M9G.com.sphericalwave.AudioWave;
				PRODUCT_NAME = "$(TARGET_NAME)";
				SWIFT_OPTIMIZATION_LEVEL = "-Onone";
				SWIFT_SWIFT3_OBJC_INFERENCE = On;
				SWIFT_VERSION = 5.0;
				TARGETED_DEVICE_FAMILY = 1;
			};
			name = Debug;
		};
		AFCE097D1F57308C00A1D0EE /* Release */ = {
			isa = XCBuildConfiguration;
			buildSettings = {
				ASSETCATALOG_COMPILER_APPICON_NAME = AppIcon;
				CLANG_ENABLE_MODULES = YES;
				CODE_SIGN_STYLE = Automatic;
				DEVELOPMENT_TEAM = TPR24Z5M9G;
				INFOPLIST_FILE = AudioWave/Info.plist;
				IPHONEOS_DEPLOYMENT_TARGET = 13.0;
				LD_RUNPATH_SEARCH_PATHS = "$(inherited) @executable_path/Frameworks";
				PRODUCT_BUNDLE_IDENTIFIER = TPR24Z5M9G.com.sphericalwave.AudioWave;
				PRODUCT_NAME = "$(TARGET_NAME)";
				SWIFT_SWIFT3_OBJC_INFERENCE = On;
				SWIFT_VERSION = 5.0;
				TARGETED_DEVICE_FAMILY = 1;
			};
			name = Release;
		};
/* End XCBuildConfiguration section */

/* Begin XCConfigurationList section */
		AFCE09641F57308C00A1D0EE /* Build configuration list for PBXProject "AudioWave" */ = {
			isa = XCConfigurationList;
			buildConfigurations = (
				AFCE09791F57308C00A1D0EE /* Debug */,
				AFCE097A1F57308C00A1D0EE /* Release */,
			);
			defaultConfigurationIsVisible = 0;
			defaultConfigurationName = Release;
		};
		AFCE097B1F57308C00A1D0EE /* Build configuration list for PBXNativeTarget "AudioWave" */ = {
			isa = XCConfigurationList;
			buildConfigurations = (
				AFCE097C1F57308C00A1D0EE /* Debug */,
				AFCE097D1F57308C00A1D0EE /* Release */,
			);
			defaultConfigurationIsVisible = 0;
			defaultConfigurationName = Release;
		};
/* End XCConfigurationList section */
	};
	rootObject = AFCE09611F57308C00A1D0EE /* Project object */;
}
